# This file is autogenerated, do not edit; changes may be undone by the next 'dep ensure'.


[[projects]]
  branch = "master"
  name = "github.com/veandco/go-sdl2"
  packages = ["img","sdl","ttf"]
  revision = "10c261e2304ebe5ba1340183166909e272b5fa54"

[solve-meta]
  analyzer-name = "dep"
  analyzer-version = 1
  inputs-digest = "0db4e2de456317200b73568184f542cb5a93a94b52d292dd44db049d8404c7d4"
  solver-name = "gps-cdcl"
  solver-version = 1
